{
  "originHash" : "2c44972573e757b042b2448e1dfed650680fbb9ae8bb3f4b6ef2e4afee302225",
  "pins" : [
    {
      "identity" : "zip",
      "kind" : "remoteSourceControl",
      "location" : "https://github.com/tomasf/Zip.git",
      "state" : {
        "revision" : "89a20ecc82eddf3d1cb40b55e2143167ee4367d3",
        "version" : "2.1.1"
      }
    }
  ],
  "version" : 3
}
